// !$*UTF8*$!
{
	archiveVersion = 1;
	classes = {
	};
	objectVersion = 46;
	objects = {

/* Begin PBXBuildFile section */
		211227E81C1390780042D93A /* Camo.h in Headers */ = {isa = PBXBuildFile; fileRef = 211227E71C1390780042D93A /* Camo.h */; settings = {ATTRIBUTES = (Public, ); }; };
		211227EF1C1390780042D93A /* Camo.framework in Frameworks */ = {isa = PBXBuildFile; fileRef = 211227E41C1390780042D93A /* Camo.framework */; };
		211227F41C1390780042D93A /* CamoTests.swift in Sources */ = {isa = PBXBuildFile; fileRef = 211227F31C1390780042D93A /* CamoTests.swift */; };
		211228041C1390D20042D93A /* CommonCrypto.framework in Frameworks */ = {isa = PBXBuildFile; fileRef = 211228001C1390D20042D93A /* CommonCrypto.framework */; };
		211228061C1390D20042D93A /* Crypto.framework in Frameworks */ = {isa = PBXBuildFile; fileRef = 211228021C1390D20042D93A /* Crypto.framework */; };
		211228091C1390E80042D93A /* CommonCrypto.framework.dSYM in Copy dSYM Files */ = {isa = PBXBuildFile; fileRef = 211228011C1390D20042D93A /* CommonCrypto.framework.dSYM */; };
		2112280A1C1390E80042D93A /* Crypto.framework.dSYM in Copy dSYM Files */ = {isa = PBXBuildFile; fileRef = 211228031C1390D20042D93A /* Crypto.framework.dSYM */; };
		2112280D1C13912E0042D93A /* Camo.swift in Sources */ = {isa = PBXBuildFile; fileRef = 2112280C1C13912E0042D93A /* Camo.swift */; };
/* End PBXBuildFile section */

/* Begin PBXContainerItemProxy section */
		211227F01C1390780042D93A /* PBXContainerItemProxy */ = {
			isa = PBXContainerItemProxy;
			containerPortal = 211227DB1C1390780042D93A /* Project object */;
			proxyType = 1;
			remoteGlobalIDString = 211227E31C1390780042D93A;
			remoteInfo = Camo;
		};
/* End PBXContainerItemProxy section */

/* Begin PBXCopyFilesBuildPhase section */
		211228081C1390DC0042D93A /* Copy dSYM Files */ = {
			isa = PBXCopyFilesBuildPhase;
			buildActionMask = 2147483647;
			dstPath = "";
			dstSubfolderSpec = 16;
			files = (
				211228091C1390E80042D93A /* CommonCrypto.framework.dSYM in Copy dSYM Files */,
				2112280A1C1390E80042D93A /* Crypto.framework.dSYM in Copy dSYM Files */,
			);
			name = "Copy dSYM Files";
			runOnlyForDeploymentPostprocessing = 0;
		};
/* End PBXCopyFilesBuildPhase section */

/* Begin PBXFileReference section */
		211227E41C1390780042D93A /* Camo.framework */ = {isa = PBXFileReference; explicitFileType = wrapper.framework; includeInIndex = 0; path = Camo.framework; sourceTree = BUILT_PRODUCTS_DIR; };
		211227E71C1390780042D93A /* Camo.h */ = {isa = PBXFileReference; lastKnownFileType = sourcecode.c.h; path = Camo.h; sourceTree = "<group>"; };
		211227E91C1390780042D93A /* Info.plist */ = {isa = PBXFileReference; lastKnownFileType = text.plist.xml; path = Info.plist; sourceTree = "<group>"; };
		211227EE1C1390780042D93A /* CamoTests.xctest */ = {isa = PBXFileReference; explicitFileType = wrapper.cfbundle; includeInIndex = 0; path = CamoTests.xctest; sourceTree = BUILT_PRODUCTS_DIR; };
		211227F31C1390780042D93A /* CamoTests.swift */ = {isa = PBXFileReference; lastKnownFileType = sourcecode.swift; path = CamoTests.swift; sourceTree = "<group>"; };
		211227F51C1390780042D93A /* Info.plist */ = {isa = PBXFileReference; lastKnownFileType = text.plist.xml; path = Info.plist; sourceTree = "<group>"; };
		211228001C1390D20042D93A /* CommonCrypto.framework */ = {isa = PBXFileReference; lastKnownFileType = wrapper.framework; name = CommonCrypto.framework; path = Carthage/Build/iOS/CommonCrypto.framework; sourceTree = "<group>"; };
		211228011C1390D20042D93A /* CommonCrypto.framework.dSYM */ = {isa = PBXFileReference; lastKnownFileType = wrapper.dsym; name = CommonCrypto.framework.dSYM; path = Carthage/Build/iOS/CommonCrypto.framework.dSYM; sourceTree = "<group>"; };
		211228021C1390D20042D93A /* Crypto.framework */ = {isa = PBXFileReference; lastKnownFileType = wrapper.framework; name = Crypto.framework; path = Carthage/Build/iOS/Crypto.framework; sourceTree = "<group>"; };
		211228031C1390D20042D93A /* Crypto.framework.dSYM */ = {isa = PBXFileReference; lastKnownFileType = wrapper.dsym; name = Crypto.framework.dSYM; path = Carthage/Build/iOS/Crypto.framework.dSYM; sourceTree = "<group>"; };
		2112280C1C13912E0042D93A /* Camo.swift */ = {isa = PBXFileReference; fileEncoding = 4; lastKnownFileType = sourcecode.swift; path = Camo.swift; sourceTree = "<group>"; };
/* End PBXFileReference section */

/* Begin PBXFrameworksBuildPhase section */
		211227E01C1390780042D93A /* Frameworks */ = {
			isa = PBXFrameworksBuildPhase;
			buildActionMask = 2147483647;
			files = (
				211228041C1390D20042D93A /* CommonCrypto.framework in Frameworks */,
				211228061C1390D20042D93A /* Crypto.framework in Frameworks */,
			);
			runOnlyForDeploymentPostprocessing = 0;
		};
		211227EB1C1390780042D93A /* Frameworks */ = {
			isa = PBXFrameworksBuildPhase;
			buildActionMask = 2147483647;
			files = (
				211227EF1C1390780042D93A /* Camo.framework in Frameworks */,
			);
			runOnlyForDeploymentPostprocessing = 0;
		};
/* End PBXFrameworksBuildPhase section */

/* Begin PBXGroup section */
		211227DA1C1390780042D93A = {
			isa = PBXGroup;
			children = (
				211227E61C1390780042D93A /* Camo */,
				211227F21C1390780042D93A /* CamoTests */,
				211227FE1C13909F0042D93A /* Frameworks */,
				211227E51C1390780042D93A /* Products */,
			);
			sourceTree = "<group>";
		};
		211227E51C1390780042D93A /* Products */ = {
			isa = PBXGroup;
			children = (
				211227E41C1390780042D93A /* Camo.framework */,
				211227EE1C1390780042D93A /* CamoTests.xctest */,
			);
			name = Products;
			sourceTree = "<group>";
		};
		211227E61C1390780042D93A /* Camo */ = {
			isa = PBXGroup;
			children = (
				211227E71C1390780042D93A /* Camo.h */,
				2112280C1C13912E0042D93A /* Camo.swift */,
				211227E91C1390780042D93A /* Info.plist */,
			);
			path = Camo;
			sourceTree = "<group>";
		};
		211227F21C1390780042D93A /* CamoTests */ = {
			isa = PBXGroup;
			children = (
				211227F31C1390780042D93A /* CamoTests.swift */,
				211227F51C1390780042D93A /* Info.plist */,
			);
			path = CamoTests;
			sourceTree = "<group>";
		};
		211227FE1C13909F0042D93A /* Frameworks */ = {
			isa = PBXGroup;
			children = (
				211227FF1C1390A40042D93A /* iOS */,
			);
			name = Frameworks;
			sourceTree = "<group>";
		};
		211227FF1C1390A40042D93A /* iOS */ = {
			isa = PBXGroup;
			children = (
				211228001C1390D20042D93A /* CommonCrypto.framework */,
				211228011C1390D20042D93A /* CommonCrypto.framework.dSYM */,
				211228021C1390D20042D93A /* Crypto.framework */,
				211228031C1390D20042D93A /* Crypto.framework.dSYM */,
			);
			name = iOS;
			sourceTree = "<group>";
		};
/* End PBXGroup section */

/* Begin PBXHeadersBuildPhase section */
		211227E11C1390780042D93A /* Headers */ = {
			isa = PBXHeadersBuildPhase;
			buildActionMask = 2147483647;
			files = (
				211227E81C1390780042D93A /* Camo.h in Headers */,
			);
			runOnlyForDeploymentPostprocessing = 0;
		};
/* End PBXHeadersBuildPhase section */

/* Begin PBXNativeTarget section */
		211227E31C1390780042D93A /* Camo */ = {
			isa = PBXNativeTarget;
			buildConfigurationList = 211227F81C1390780042D93A /* Build configuration list for PBXNativeTarget "Camo" */;
			buildPhases = (
				211227DF1C1390780042D93A /* Sources */,
				211227E01C1390780042D93A /* Frameworks */,
				211227E11C1390780042D93A /* Headers */,
				211227E21C1390780042D93A /* Resources */,
				211228081C1390DC0042D93A /* Copy dSYM Files */,
			);
			buildRules = (
			);
			dependencies = (
			);
			name = Camo;
			productName = Camo;
			productReference = 211227E41C1390780042D93A /* Camo.framework */;
			productType = "com.apple.product-type.framework";
		};
		211227ED1C1390780042D93A /* CamoTests */ = {
			isa = PBXNativeTarget;
			buildConfigurationList = 211227FB1C1390780042D93A /* Build configuration list for PBXNativeTarget "CamoTests" */;
			buildPhases = (
				211227EA1C1390780042D93A /* Sources */,
				211227EB1C1390780042D93A /* Frameworks */,
				211227EC1C1390780042D93A /* Resources */,
				2112280B1C1390F60042D93A /* Embed Carthage Frameworks */,
			);
			buildRules = (
			);
			dependencies = (
				211227F11C1390780042D93A /* PBXTargetDependency */,
			);
			name = CamoTests;
			productName = CamoTests;
			productReference = 211227EE1C1390780042D93A /* CamoTests.xctest */;
			productType = "com.apple.product-type.bundle.unit-test";
		};
/* End PBXNativeTarget section */

/* Begin PBXProject section */
		211227DB1C1390780042D93A /* Project object */ = {
			isa = PBXProject;
			attributes = {
				LastSwiftUpdateCheck = 0710;
				LastUpgradeCheck = 0710;
				ORGANIZATIONNAME = "Sam Soffes";
				TargetAttributes = {
					211227E31C1390780042D93A = {
						CreatedOnToolsVersion = 7.1;
					};
					211227ED1C1390780042D93A = {
						CreatedOnToolsVersion = 7.1;
					};
				};
			};
			buildConfigurationList = 211227DE1C1390780042D93A /* Build configuration list for PBXProject "Camo" */;
			compatibilityVersion = "Xcode 3.2";
			developmentRegion = English;
			hasScannedForEncodings = 0;
			knownRegions = (
				en,
			);
			mainGroup = 211227DA1C1390780042D93A;
			productRefGroup = 211227E51C1390780042D93A /* Products */;
			projectDirPath = "";
			projectRoot = "";
			targets = (
				211227E31C1390780042D93A /* Camo */,
				211227ED1C1390780042D93A /* CamoTests */,
			);
		};
/* End PBXProject section */

/* Begin PBXResourcesBuildPhase section */
		211227E21C1390780042D93A /* Resources */ = {
			isa = PBXResourcesBuildPhase;
			buildActionMask = 2147483647;
			files = (
			);
			runOnlyForDeploymentPostprocessing = 0;
		};
		211227EC1C1390780042D93A /* Resources */ = {
			isa = PBXResourcesBuildPhase;
			buildActionMask = 2147483647;
			files = (
			);
			runOnlyForDeploymentPostprocessing = 0;
		};
/* End PBXResourcesBuildPhase section */

/* Begin PBXShellScriptBuildPhase section */
		2112280B1C1390F60042D93A /* Embed Carthage Frameworks */ = {
			isa = PBXShellScriptBuildPhase;
			buildActionMask = 2147483647;
			files = (
			);
			inputPaths = (
				"$(SRCROOT)/Carthage/Build/iOS/Crypto.framework",
				"$(SRCROOT)/Carthage/Build/iOS/CommonCrypto.framework",
			);
			name = "Embed Carthage Frameworks";
			outputPaths = (
			);
			runOnlyForDeploymentPostprocessing = 0;
			shellPath = /bin/sh;
			shellScript = "/usr/local/bin/carthage copy-frameworks";
		};
/* End PBXShellScriptBuildPhase section */

/* Begin PBXSourcesBuildPhase section */
		211227DF1C1390780042D93A /* Sources */ = {
			isa = PBXSourcesBuildPhase;
			buildActionMask = 2147483647;
			files = (
				2112280D1C13912E0042D93A /* Camo.swift in Sources */,
			);
			runOnlyForDeploymentPostprocessing = 0;
		};
		211227EA1C1390780042D93A /* Sources */ = {
			isa = PBXSourcesBuildPhase;
			buildActionMask = 2147483647;
			files = (
				211227F41C1390780042D93A /* CamoTests.swift in Sources */,
			);
			runOnlyForDeploymentPostprocessing = 0;
		};
/* End PBXSourcesBuildPhase section */

/* Begin PBXTargetDependency section */
		211227F11C1390780042D93A /* PBXTargetDependency */ = {
			isa = PBXTargetDependency;
			target = 211227E31C1390780042D93A /* Camo */;
			targetProxy = 211227F01C1390780042D93A /* PBXContainerItemProxy */;
		};
/* End PBXTargetDependency section */

/* Begin XCBuildConfiguration section */
		211227F61C1390780042D93A /* Debug */ = {
			isa = XCBuildConfiguration;
			buildSettings = {
				ALWAYS_SEARCH_USER_PATHS = NO;
				CLANG_CXX_LANGUAGE_STANDARD = "gnu++0x";
				CLANG_CXX_LIBRARY = "libc++";
				CLANG_ENABLE_MODULES = YES;
				CLANG_ENABLE_OBJC_ARC = YES;
				CLANG_WARN_BOOL_CONVERSION = YES;
				CLANG_WARN_CONSTANT_CONVERSION = YES;
				CLANG_WARN_DIRECT_OBJC_ISA_USAGE = YES_ERROR;
				CLANG_WARN_EMPTY_BODY = YES;
				CLANG_WARN_ENUM_CONVERSION = YES;
				CLANG_WARN_INT_CONVERSION = YES;
				CLANG_WARN_OBJC_ROOT_CLASS = YES_ERROR;
				CLANG_WARN_UNREACHABLE_CODE = YES;
				CLANG_WARN__DUPLICATE_METHOD_MATCH = YES;
				"CODE_SIGN_IDENTITY[sdk=iphoneos*]" = "iPhone Developer";
				COPY_PHASE_STRIP = NO;
				CURRENT_PROJECT_VERSION = 1;
				DEBUG_INFORMATION_FORMAT = dwarf;
				ENABLE_STRICT_OBJC_MSGSEND = YES;
				ENABLE_TESTABILITY = YES;
				GCC_C_LANGUAGE_STANDARD = gnu99;
				GCC_DYNAMIC_NO_PIC = NO;
				GCC_NO_COMMON_BLOCKS = YES;
				GCC_OPTIMIZATION_LEVEL = 0;
				GCC_PREPROCESSOR_DEFINITIONS = (
					"DEBUG=1",
					"$(inherited)",
				);
				GCC_WARN_64_TO_32_BIT_CONVERSION = YES;
				GCC_WARN_ABOUT_RETURN_TYPE = YES_ERROR;
				GCC_WARN_UNDECLARED_SELECTOR = YES;
				GCC_WARN_UNINITIALIZED_AUTOS = YES_AGGRESSIVE;
				GCC_WARN_UNUSED_FUNCTION = YES;
				GCC_WARN_UNUSED_VARIABLE = YES;
				IPHONEOS_DEPLOYMENT_TARGET = 9.1;
				MTL_ENABLE_DEBUG_INFO = YES;
				ONLY_ACTIVE_ARCH = YES;
				SDKROOT = iphoneos;
				SWIFT_OPTIMIZATION_LEVEL = "-Onone";
				TARGETED_DEVICE_FAMILY = "1,2";
				VERSIONING_SYSTEM = "apple-generic";
				VERSION_INFO_PREFIX = "";
			};
			name = Debug;
		};
		211227F71C1390780042D93A /* Release */ = {
			isa = XCBuildConfiguration;
			buildSettings = {
				ALWAYS_SEARCH_USER_PATHS = NO;
				CLANG_CXX_LANGUAGE_STANDARD = "gnu++0x";
				CLANG_CXX_LIBRARY = "libc++";
				CLANG_ENABLE_MODULES = YES;
				CLANG_ENABLE_OBJC_ARC = YES;
				CLANG_WARN_BOOL_CONVERSION = YES;
				CLANG_WARN_CONSTANT_CONVERSION = YES;
				CLANG_WARN_DIRECT_OBJC_ISA_USAGE = YES_ERROR;
				CLANG_WARN_EMPTY_BODY = YES;
				CLANG_WARN_ENUM_CONVERSION = YES;
				CLANG_WARN_INT_CONVERSION = YES;
				CLANG_WARN_OBJC_ROOT_CLASS = YES_ERROR;
				CLANG_WARN_UNREACHABLE_CODE = YES;
				CLANG_WARN__DUPLICATE_METHOD_MATCH = YES;
				"CODE_SIGN_IDENTITY[sdk=iphoneos*]" = "iPhone Developer";
				COPY_PHASE_STRIP = NO;
				CURRENT_PROJECT_VERSION = 1;
				DEBUG_INFORMATION_FORMAT = "dwarf-with-dsym";
				ENABLE_NS_ASSERTIONS = NO;
				ENABLE_STRICT_OBJC_MSGSEND = YES;
				GCC_C_LANGUAGE_STANDARD = gnu99;
				GCC_NO_COMMON_BLOCKS = YES;
				GCC_WARN_64_TO_32_BIT_CONVERSION = YES;
				GCC_WARN_ABOUT_RETURN_TYPE = YES_ERROR;
				GCC_WARN_UNDECLARED_SELECTOR = YES;
				GCC_WARN_UNINITIALIZED_AUTOS = YES_AGGRESSIVE;
				GCC_WARN_UNUSED_FUNCTION = YES;
				GCC_WARN_UNUSED_VARIABLE = YES;
				IPHONEOS_DEPLOYMENT_TARGET = 9.1;
				MTL_ENABLE_DEBUG_INFO = NO;
				SDKROOT = iphoneos;
				TARGETED_DEVICE_FAMILY = "1,2";
				VALIDATE_PRODUCT = YES;
				VERSIONING_SYSTEM = "apple-generic";
				VERSION_INFO_PREFIX = "";
			};
			name = Release;
		};
		211227F91C1390780042D93A /* Debug */ = {
			isa = XCBuildConfiguration;
			buildSettings = {
				CLANG_ENABLE_MODULES = YES;
				DEFINES_MODULE = YES;
				DYLIB_COMPATIBILITY_VERSION = 1;
				DYLIB_CURRENT_VERSION = 1;
				DYLIB_INSTALL_NAME_BASE = "@rpath";
				FRAMEWORK_SEARCH_PATHS = (
					"$(inherited)",
					"$(PROJECT_DIR)/Carthage/Build/iOS",
				);
				INFOPLIST_FILE = Camo/Info.plist;
				INSTALL_PATH = "$(LOCAL_LIBRARY_DIR)/Frameworks";
				LD_RUNPATH_SEARCH_PATHS = "$(inherited) @executable_path/Frameworks @loader_path/Frameworks";
				PRODUCT_BUNDLE_IDENTIFIER = com.samsoffes.Camo;
				PRODUCT_NAME = "$(TARGET_NAME)";
				SKIP_INSTALL = YES;
				SWIFT_OPTIMIZATION_LEVEL = "-Onone";
			};
			name = Debug;
		};
		211227FA1C1390780042D93A /* Release */ = {
			isa = XCBuildConfiguration;
			buildSettings = {
				CLANG_ENABLE_MODULES = YES;
				DEFINES_MODULE = YES;
				DYLIB_COMPATIBILITY_VERSION = 1;
				DYLIB_CURRENT_VERSION = 1;
				DYLIB_INSTALL_NAME_BASE = "@rpath";
				FRAMEWORK_SEARCH_PATHS = (
					"$(inherited)",
					"$(PROJECT_DIR)/Carthage/Build/iOS",
				);
				INFOPLIST_FILE = Camo/Info.plist;
				INSTALL_PATH = "$(LOCAL_LIBRARY_DIR)/Frameworks";
				LD_RUNPATH_SEARCH_PATHS = "$(inherited) @executable_path/Frameworks @loader_path/Frameworks";
				PRODUCT_BUNDLE_IDENTIFIER = com.samsoffes.Camo;
				PRODUCT_NAME = "$(TARGET_NAME)";
				SKIP_INSTALL = YES;
			};
			name = Release;
		};
		211227FC1C1390780042D93A /* Debug */ = {
			isa = XCBuildConfiguration;
			buildSettings = {
				INFOPLIST_FILE = CamoTests/Info.plist;
				LD_RUNPATH_SEARCH_PATHS = "$(inherited) @executable_path/Frameworks @loader_path/Frameworks";
				PRODUCT_BUNDLE_IDENTIFIER = com.samsoffes.CamoTests;
				PRODUCT_NAME = "$(TARGET_NAME)";
			};
			name = Debug;
		};
		211227FD1C1390780042D93A /* Release */ = {
			isa = XCBuildConfiguration;
			buildSettings = {
				INFOPLIST_FILE = CamoTests/Info.plist;
				LD_RUNPATH_SEARCH_PATHS = "$(inherited) @executable_path/Frameworks @loader_path/Frameworks";
				PRODUCT_BUNDLE_IDENTIFIER = com.samsoffes.CamoTests;
				PRODUCT_NAME = "$(TARGET_NAME)";
			};
			name = Release;
		};
/* End XCBuildConfiguration section */

/* Begin XCConfigurationList section */
		211227DE1C1390780042D93A /* Build configuration list for PBXProject "Camo" */ = {
			isa = XCConfigurationList;
			buildConfigurations = (
				211227F61C1390780042D93A /* Debug */,
				211227F71C1390780042D93A /* Release */,
			);
			defaultConfigurationIsVisible = 0;
			defaultConfigurationName = Release;
		};
		211227F81C1390780042D93A /* Build configuration list for PBXNativeTarget "Camo" */ = {
			isa = XCConfigurationList;
			buildConfigurations = (
				211227F91C1390780042D93A /* Debug */,
				211227FA1C1390780042D93A /* Release */,
			);
			defaultConfigurationIsVisible = 0;
			defaultConfigurationName = Release;
		};
		211227FB1C1390780042D93A /* Build configuration list for PBXNativeTarget "CamoTests" */ = {
			isa = XCConfigurationList;
			buildConfigurations = (
				211227FC1C1390780042D93A /* Debug */,
				211227FD1C1390780042D93A /* Release */,
			);
			defaultConfigurationIsVisible = 0;
			defaultConfigurationName = Release;
		};
/* End XCConfigurationList section */
	};
	rootObject = 211227DB1C1390780042D93A /* Project object */;
}
